
Microsoft Visual Studio Solution File, Format Version 12.00
Project("{FAE04EC0-301F-11D3-BF4B-00C04F79EFBC}") = "s3Test", "s3Test\s3Test.csproj", "{19E529A6-98B0-4966-B8C4-5001FD7D9CDD}"
EndProject
Global
	GlobalSection(SolutionConfigurationPlatforms) = preSolution
		Debug|Any CPU = Debug|Any CPU
		Release|Any CPU = Release|Any CPU
	EndGlobalSection
	GlobalSection(ProjectConfigurationPlatforms) = postSolution
		{19E529A6-98B0-4966-B8C4-5001FD7D9CDD}.Debug|Any CPU.ActiveCfg = Debug|Any CPU
		{19E529A6-98B0-4966-B8C4-5001FD7D9CDD}.Debug|Any CPU.Build.0 = Debug|Any CPU
		{19E529A6-98B0-4966-B8C4-5001FD7D9CDD}.Release|Any CPU.ActiveCfg = Release|Any CPU
		{19E529A6-98B0-4966-B8C4-5001FD7D9CDD}.Release|Any CPU.Build.0 = Release|Any CPU
	EndGlobalSection
EndGlobal
